// !$*UTF8*$!
{
	archiveVersion = 1;
	classes = {
	};
	objectVersion = 50;
	objects = {

/* Begin PBXBuildFile section */
		C93BB4C823BE9032000956F0 /* AppDelegate.swift in Sources */ = {isa = PBXBuildFile; fileRef = C93BB4C723BE9032000956F0 /* AppDelegate.swift */; };
		C93BB4CA23BE9032000956F0 /* SceneDelegate.swift in Sources */ = {isa = PBXBuildFile; fileRef = C93BB4C923BE9032000956F0 /* SceneDelegate.swift */; };
		C93BB4CC23BE9032000956F0 /* ContentView.swift in Sources */ = {isa = PBXBuildFile; fileRef = C93BB4CB23BE9032000956F0 /* ContentView.swift */; };
		C93BB4CE23BE9048000956F0 /* Assets.xcassets in Resources */ = {isa = PBXBuildFile; fileRef = C93BB4CD23BE9048000956F0 /* Assets.xcassets */; };
		C93BB4D123BE9048000956F0 /* Preview Assets.xcassets in Resources */ = {isa = PBXBuildFile; fileRef = C93BB4D023BE9048000956F0 /* Preview Assets.xcassets */; };
		C93BB4D423BE9048000956F0 /* LaunchScreen.storyboard in Resources */ = {isa = PBXBuildFile; fileRef = C93BB4D223BE9048000956F0 /* LaunchScreen.storyboard */; };
		C93BB4DF23BE9048000956F0 /* LandmarksTests.swift in Sources */ = {isa = PBXBuildFile; fileRef = C93BB4DE23BE9048000956F0 /* LandmarksTests.swift */; };
		C93BB4EA23BE9048000956F0 /* LandmarksUITests.swift in Sources */ = {isa = PBXBuildFile; fileRef = C93BB4E923BE9048000956F0 /* LandmarksUITests.swift */; };
		C93BB4F823BEA3C6000956F0 /* CircleImage.swift in Sources */ = {isa = PBXBuildFile; fileRef = C93BB4F723BEA3C6000956F0 /* CircleImage.swift */; };
		C9495AD623BEDA8A005F3624 /* MapView.swift in Sources */ = {isa = PBXBuildFile; fileRef = C9495AD523BEDA8A005F3624 /* MapView.swift */; };
/* End PBXBuildFile section */

/* Begin PBXContainerItemProxy section */
		C93BB4DB23BE9048000956F0 /* PBXContainerItemProxy */ = {
			isa = PBXContainerItemProxy;
			containerPortal = C93BB4BC23BE9031000956F0 /* Project object */;
			proxyType = 1;
			remoteGlobalIDString = C93BB4C323BE9031000956F0;
			remoteInfo = Landmarks;
		};
		C93BB4E623BE9048000956F0 /* PBXContainerItemProxy */ = {
			isa = PBXContainerItemProxy;
			containerPortal = C93BB4BC23BE9031000956F0 /* Project object */;
			proxyType = 1;
			remoteGlobalIDString = C93BB4C323BE9031000956F0;
			remoteInfo = Landmarks;
		};
/* End PBXContainerItemProxy section */

/* Begin PBXFileReference section */
		C93BB4C423BE9031000956F0 /* Landmarks.app */ = {isa = PBXFileReference; explicitFileType = wrapper.application; includeInIndex = 0; path = Landmarks.app; sourceTree = BUILT_PRODUCTS_DIR; };
		C93BB4C723BE9032000956F0 /* AppDelegate.swift */ = {isa = PBXFileReference; lastKnownFileType = sourcecode.swift; path = AppDelegate.swift; sourceTree = "<group>"; };
		C93BB4C923BE9032000956F0 /* SceneDelegate.swift */ = {isa = PBXFileReference; lastKnownFileType = sourcecode.swift; path = SceneDelegate.swift; sourceTree = "<group>"; };
		C93BB4CB23BE9032000956F0 /* ContentView.swift */ = {isa = PBXFileReference; lastKnownFileType = sourcecode.swift; path = ContentView.swift; sourceTree = "<group>"; };
		C93BB4CD23BE9048000956F0 /* Assets.xcassets */ = {isa = PBXFileReference; lastKnownFileType = folder.assetcatalog; path = Assets.xcassets; sourceTree = "<group>"; };
		C93BB4D023BE9048000956F0 /* Preview Assets.xcassets */ = {isa = PBXFileReference; lastKnownFileType = folder.assetcatalog; path = "Preview Assets.xcassets"; sourceTree = "<group>"; };
		C93BB4D323BE9048000956F0 /* Base */ = {isa = PBXFileReference; lastKnownFileType = file.storyboard; name = Base; path = Base.lproj/LaunchScreen.storyboard; sourceTree = "<group>"; };
		C93BB4D523BE9048000956F0 /* Info.plist */ = {isa = PBXFileReference; lastKnownFileType = text.plist.xml; path = Info.plist; sourceTree = "<group>"; };
		C93BB4DA23BE9048000956F0 /* LandmarksTests.xctest */ = {isa = PBXFileReference; explicitFileType = wrapper.cfbundle; includeInIndex = 0; path = LandmarksTests.xctest; sourceTree = BUILT_PRODUCTS_DIR; };
		C93BB4DE23BE9048000956F0 /* LandmarksTests.swift */ = {isa = PBXFileReference; lastKnownFileType = sourcecode.swift; path = LandmarksTests.swift; sourceTree = "<group>"; };
		C93BB4E023BE9048000956F0 /* Info.plist */ = {isa = PBXFileReference; lastKnownFileType = text.plist.xml; path = Info.plist; sourceTree = "<group>"; };
		C93BB4E523BE9048000956F0 /* LandmarksUITests.xctest */ = {isa = PBXFileReference; explicitFileType = wrapper.cfbundle; includeInIndex = 0; path = LandmarksUITests.xctest; sourceTree = BUILT_PRODUCTS_DIR; };
		C93BB4E923BE9048000956F0 /* LandmarksUITests.swift */ = {isa = PBXFileReference; lastKnownFileType = sourcecode.swift; path = LandmarksUITests.swift; sourceTree = "<group>"; };
		C93BB4EB23BE9048000956F0 /* Info.plist */ = {isa = PBXFileReference; lastKnownFileType = text.plist.xml; path = Info.plist; sourceTree = "<group>"; };
		C93BB4F723BEA3C6000956F0 /* CircleImage.swift */ = {isa = PBXFileReference; lastKnownFileType = sourcecode.swift; path = CircleImage.swift; sourceTree = "<group>"; };
		C9495AD523BEDA8A005F3624 /* MapView.swift */ = {isa = PBXFileReference; lastKnownFileType = sourcecode.swift; path = MapView.swift; sourceTree = "<group>"; };
/* End PBXFileReference section */

/* Begin PBXFrameworksBuildPhase section */
		C93BB4C123BE9031000956F0 /* Frameworks */ = {
			isa = PBXFrameworksBuildPhase;
			buildActionMask = 2147483647;
			files = (
			);
			runOnlyForDeploymentPostprocessing = 0;
		};
		C93BB4D723BE9048000956F0 /* Frameworks */ = {
			isa = PBXFrameworksBuildPhase;
			buildActionMask = 2147483647;
			files = (
			);
			runOnlyForDeploymentPostprocessing = 0;
		};
		C93BB4E223BE9048000956F0 /* Frameworks */ = {
			isa = PBXFrameworksBuildPhase;
			buildActionMask = 2147483647;
			files = (
			);
			runOnlyForDeploymentPostprocessing = 0;
		};
/* End PBXFrameworksBuildPhase section */

/* Begin PBXGroup section */
		C93BB4BB23BE9031000956F0 = {
			isa = PBXGroup;
			children = (
				C93BB4C623BE9032000956F0 /* Landmarks */,
				C93BB4DD23BE9048000956F0 /* LandmarksTests */,
				C93BB4E823BE9048000956F0 /* LandmarksUITests */,
				C93BB4C523BE9031000956F0 /* Products */,
			);
			sourceTree = "<group>";
		};
		C93BB4C523BE9031000956F0 /* Products */ = {
			isa = PBXGroup;
			children = (
				C93BB4C423BE9031000956F0 /* Landmarks.app */,
				C93BB4DA23BE9048000956F0 /* LandmarksTests.xctest */,
				C93BB4E523BE9048000956F0 /* LandmarksUITests.xctest */,
			);
			name = Products;
			sourceTree = "<group>";
		};
		C93BB4C623BE9032000956F0 /* Landmarks */ = {
			isa = PBXGroup;
			children = (
				C93BB4C723BE9032000956F0 /* AppDelegate.swift */,
				C93BB4C923BE9032000956F0 /* SceneDelegate.swift */,
				C93BB4CB23BE9032000956F0 /* ContentView.swift */,
				C93BB4F723BEA3C6000956F0 /* CircleImage.swift */,
				C93BB4CD23BE9048000956F0 /* Assets.xcassets */,
				C93BB4D223BE9048000956F0 /* LaunchScreen.storyboard */,
				C93BB4D523BE9048000956F0 /* Info.plist */,
				C93BB4CF23BE9048000956F0 /* Preview Content */,
				C9495AD523BEDA8A005F3624 /* MapView.swift */,
			);
			path = Landmarks;
			sourceTree = "<group>";
		};
		C93BB4CF23BE9048000956F0 /* Preview Content */ = {
			isa = PBXGroup;
			children = (
				C93BB4D023BE9048000956F0 /* Preview Assets.xcassets */,
			);
			path = "Preview Content";
			sourceTree = "<group>";
		};
		C93BB4DD23BE9048000956F0 /* LandmarksTests */ = {
			isa = PBXGroup;
			children = (
				C93BB4DE23BE9048000956F0 /* LandmarksTests.swift */,
				C93BB4E023BE9048000956F0 /* Info.plist */,
			);
			path = LandmarksTests;
			sourceTree = "<group>";
		};
		C93BB4E823BE9048000956F0 /* LandmarksUITests */ = {
			isa = PBXGroup;
			children = (
				C93BB4E923BE9048000956F0 /* LandmarksUITests.swift */,
				C93BB4EB23BE9048000956F0 /* Info.plist */,
			);
			path = LandmarksUITests;
			sourceTree = "<group>";
		};
/* End PBXGroup section */

/* Begin PBXNativeTarget section */
		C93BB4C323BE9031000956F0 /* Landmarks */ = {
			isa = PBXNativeTarget;
			buildConfigurationList = C93BB4EE23BE9048000956F0 /* Build configuration list for PBXNativeTarget "Landmarks" */;
			buildPhases = (
				C93BB4C023BE9031000956F0 /* Sources */,
				C93BB4C123BE9031000956F0 /* Frameworks */,
				C93BB4C223BE9031000956F0 /* Resources */,
			);
			buildRules = (
			);
			dependencies = (
			);
			name = Landmarks;
			productName = Landmarks;
			productReference = C93BB4C423BE9031000956F0 /* Landmarks.app */;
			productType = "com.apple.product-type.application";
		};
		C93BB4D923BE9048000956F0 /* LandmarksTests */ = {
			isa = PBXNativeTarget;
			buildConfigurationList = C93BB4F123BE9048000956F0 /* Build configuration list for PBXNativeTarget "LandmarksTests" */;
			buildPhases = (
				C93BB4D623BE9048000956F0 /* Sources */,
				C93BB4D723BE9048000956F0 /* Frameworks */,
				C93BB4D823BE9048000956F0 /* Resources */,
			);
			buildRules = (
			);
			dependencies = (
				C93BB4DC23BE9048000956F0 /* PBXTargetDependency */,
			);
			name = LandmarksTests;
			productName = LandmarksTests;
			productReference = C93BB4DA23BE9048000956F0 /* LandmarksTests.xctest */;
			productType = "com.apple.product-type.bundle.unit-test";
		};
		C93BB4E423BE9048000956F0 /* LandmarksUITests */ = {
			isa = PBXNativeTarget;
			buildConfigurationList = C93BB4F423BE9048000956F0 /* Build configuration list for PBXNativeTarget "LandmarksUITests" */;
			buildPhases = (
				C93BB4E123BE9048000956F0 /* Sources */,
				C93BB4E223BE9048000956F0 /* Frameworks */,
				C93BB4E323BE9048000956F0 /* Resources */,
			);
			buildRules = (
			);
			dependencies = (
				C93BB4E723BE9048000956F0 /* PBXTargetDependency */,
			);
			name = LandmarksUITests;
			productName = LandmarksUITests;
			productReference = C93BB4E523BE9048000956F0 /* LandmarksUITests.xctest */;
			productType = "com.apple.product-type.bundle.ui-testing";
		};
/* End PBXNativeTarget section */

/* Begin PBXProject section */
		C93BB4BC23BE9031000956F0 /* Project object */ = {
			isa = PBXProject;
			attributes = {
				LastSwiftUpdateCheck = 1130;
				LastUpgradeCheck = 1130;
				ORGANIZATIONNAME = "TriNetX Inc";
				TargetAttributes = {
					C93BB4C323BE9031000956F0 = {
						CreatedOnToolsVersion = 11.3;
					};
					C93BB4D923BE9048000956F0 = {
						CreatedOnToolsVersion = 11.3;
						TestTargetID = C93BB4C323BE9031000956F0;
					};
					C93BB4E423BE9048000956F0 = {
						CreatedOnToolsVersion = 11.3;
						TestTargetID = C93BB4C323BE9031000956F0;
					};
				};
			};
			buildConfigurationList = C93BB4BF23BE9031000956F0 /* Build configuration list for PBXProject "Landmarks" */;
			compatibilityVersion = "Xcode 9.3";
			developmentRegion = en;
			hasScannedForEncodings = 0;
			knownRegions = (
				en,
				Base,
			);
			mainGroup = C93BB4BB23BE9031000956F0;
			productRefGroup = C93BB4C523BE9031000956F0 /* Products */;
			projectDirPath = "";
			projectRoot = "";
			targets = (
				C93BB4C323BE9031000956F0 /* Landmarks */,
				C93BB4D923BE9048000956F0 /* LandmarksTests */,
				C93BB4E423BE9048000956F0 /* LandmarksUITests */,
			);
		};
/* End PBXProject section */

/* Begin PBXResourcesBuildPhase section */
		C93BB4C223BE9031000956F0 /* Resources */ = {
			isa = PBXResourcesBuildPhase;
			buildActionMask = 2147483647;
			files = (
				C93BB4D423BE9048000956F0 /* LaunchScreen.storyboard in Resources */,
				C93BB4D123BE9048000956F0 /* Preview Assets.xcassets in Resources */,
				C93BB4CE23BE9048000956F0 /* Assets.xcassets in Resources */,
			);
			runOnlyForDeploymentPostprocessing = 0;
		};
		C93BB4D823BE9048000956F0 /* Resources */ = {
			isa = PBXResourcesBuildPhase;
			buildActionMask = 2147483647;
			files = (
			);
			runOnlyForDeploymentPostprocessing = 0;
		};
		C93BB4E323BE9048000956F0 /* Resources */ = {
			isa = PBXResourcesBuildPhase;
			buildActionMask = 2147483647;
			files = (
			);
			runOnlyForDeploymentPostprocessing = 0;
		};
/* End PBXResourcesBuildPhase section */

/* Begin PBXSourcesBuildPhase section */
		C93BB4C023BE9031000956F0 /* Sources */ = {
			isa = PBXSourcesBuildPhase;
			buildActionMask = 2147483647;
			files = (
				C93BB4C823BE9032000956F0 /* AppDelegate.swift in Sources */,
				C93BB4F823BEA3C6000956F0 /* CircleImage.swift in Sources */,
				C9495AD623BEDA8A005F3624 /* MapView.swift in Sources */,
				C93BB4CA23BE9032000956F0 /* SceneDelegate.swift in Sources */,
				C93BB4CC23BE9032000956F0 /* ContentView.swift in Sources */,
			);
			runOnlyForDeploymentPostprocessing = 0;
		};
		C93BB4D623BE9048000956F0 /* Sources */ = {
			isa = PBXSourcesBuildPhase;
			buildActionMask = 2147483647;
			files = (
				C93BB4DF23BE9048000956F0 /* LandmarksTests.swift in Sources */,
			);
			runOnlyForDeploymentPostprocessing = 0;
		};
		C93BB4E123BE9048000956F0 /* Sources */ = {
			isa = PBXSourcesBuildPhase;
			buildActionMask = 2147483647;
			files = (
				C93BB4EA23BE9048000956F0 /* LandmarksUITests.swift in Sources */,
			);
			runOnlyForDeploymentPostprocessing = 0;
		};
/* End PBXSourcesBuildPhase section */

/* Begin PBXTargetDependency section */
		C93BB4DC23BE9048000956F0 /* PBXTargetDependency */ = {
			isa = PBXTargetDependency;
			target = C93BB4C323BE9031000956F0 /* Landmarks */;
			targetProxy = C93BB4DB23BE9048000956F0 /* PBXContainerItemProxy */;
		};
		C93BB4E723BE9048000956F0 /* PBXTargetDependency */ = {
			isa = PBXTargetDependency;
			target = C93BB4C323BE9031000956F0 /* Landmarks */;
			targetProxy = C93BB4E623BE9048000956F0 /* PBXContainerItemProxy */;
		};
/* End PBXTargetDependency section */

/* Begin PBXVariantGroup section */
		C93BB4D223BE9048000956F0 /* LaunchScreen.storyboard */ = {
			isa = PBXVariantGroup;
			children = (
				C93BB4D323BE9048000956F0 /* Base */,
			);
			name = LaunchScreen.storyboard;
			sourceTree = "<group>";
		};
/* End PBXVariantGroup section */

/* Begin XCBuildConfiguration section */
		C93BB4EC23BE9048000956F0 /* Debug */ = {
			isa = XCBuildConfiguration;
			buildSettings = {
				ALWAYS_SEARCH_USER_PATHS = NO;
				CLANG_ANALYZER_NONNULL = YES;
				CLANG_ANALYZER_NUMBER_OBJECT_CONVERSION = YES_AGGRESSIVE;
				CLANG_CXX_LANGUAGE_STANDARD = "gnu++14";
				CLANG_CXX_LIBRARY = "libc++";
				CLANG_ENABLE_MODULES = YES;
				CLANG_ENABLE_OBJC_ARC = YES;
				CLANG_ENABLE_OBJC_WEAK = YES;
				CLANG_WARN_BLOCK_CAPTURE_AUTORELEASING = YES;
				CLANG_WARN_BOOL_CONVERSION = YES;
				CLANG_WARN_COMMA = YES;
				CLANG_WARN_CONSTANT_CONVERSION = YES;
				CLANG_WARN_DEPRECATED_OBJC_IMPLEMENTATIONS = YES;
				CLANG_WARN_DIRECT_OBJC_ISA_USAGE = YES_ERROR;
				CLANG_WARN_DOCUMENTATION_COMMENTS = YES;
				CLANG_WARN_EMPTY_BODY = YES;
				CLANG_WARN_ENUM_CONVERSION = YES;
				CLANG_WARN_INFINITE_RECURSION = YES;
				CLANG_WARN_INT_CONVERSION = YES;
				CLANG_WARN_NON_LITERAL_NULL_CONVERSION = YES;
				CLANG_WARN_OBJC_IMPLICIT_RETAIN_SELF = YES;
				CLANG_WARN_OBJC_LITERAL_CONVERSION = YES;
				CLANG_WARN_OBJC_ROOT_CLASS = YES_ERROR;
				CLANG_WARN_RANGE_LOOP_ANALYSIS = YES;
				CLANG_WARN_STRICT_PROTOTYPES = YES;
				CLANG_WARN_SUSPICIOUS_MOVE = YES;
				CLANG_WARN_UNGUARDED_AVAILABILITY = YES_AGGRESSIVE;
				CLANG_WARN_UNREACHABLE_CODE = YES;
				CLANG_WARN__DUPLICATE_METHOD_MATCH = YES;
				COPY_PHASE_STRIP = NO;
				DEBUG_INFORMATION_FORMAT = dwarf;
				ENABLE_STRICT_OBJC_MSGSEND = YES;
				ENABLE_TESTABILITY = YES;
				GCC_C_LANGUAGE_STANDARD = gnu11;
				GCC_DYNAMIC_NO_PIC = NO;
				GCC_NO_COMMON_BLOCKS = YES;
				GCC_OPTIMIZATION_LEVEL = 0;
				GCC_PREPROCESSOR_DEFINITIONS = (
					"DEBUG=1",
					"$(inherited)",
				);
				GCC_WARN_64_TO_32_BIT_CONVERSION = YES;
				GCC_WARN_ABOUT_RETURN_TYPE = YES_ERROR;
				GCC_WARN_UNDECLARED_SELECTOR = YES;
				GCC_WARN_UNINITIALIZED_AUTOS = YES_AGGRESSIVE;
				GCC_WARN_UNUSED_FUNCTION = YES;
				GCC_WARN_UNUSED_VARIABLE = YES;
				IPHONEOS_DEPLOYMENT_TARGET = 13.2;
				MTL_ENABLE_DEBUG_INFO = INCLUDE_SOURCE;
				MTL_FAST_MATH = YES;
				ONLY_ACTIVE_ARCH = YES;
				SDKROOT = iphoneos;
				SWIFT_ACTIVE_COMPILATION_CONDITIONS = DEBUG;
				SWIFT_OPTIMIZATION_LEVEL = "-Onone";
			};
			name = Debug;
		};
		C93BB4ED23BE9048000956F0 /* Release */ = {
			isa = XCBuildConfiguration;
			buildSettings = {
				ALWAYS_SEARCH_USER_PATHS = NO;
				CLANG_ANALYZER_NONNULL = YES;
				CLANG_ANALYZER_NUMBER_OBJECT_CONVERSION = YES_AGGRESSIVE;
				CLANG_CXX_LANGUAGE_STANDARD = "gnu++14";
				CLANG_CXX_LIBRARY = "libc++";
				CLANG_ENABLE_MODULES = YES;
				CLANG_ENABLE_OBJC_ARC = YES;
				CLANG_ENABLE_OBJC_WEAK = YES;
				CLANG_WARN_BLOCK_CAPTURE_AUTORELEASING = YES;
				CLANG_WARN_BOOL_CONVERSION = YES;
				CLANG_WARN_COMMA = YES;
				CLANG_WARN_CONSTANT_CONVERSION = YES;
				CLANG_WARN_DEPRECATED_OBJC_IMPLEMENTATIONS = YES;
				CLANG_WARN_DIRECT_OBJC_ISA_USAGE = YES_ERROR;
				CLANG_WARN_DOCUMENTATION_COMMENTS = YES;
				CLANG_WARN_EMPTY_BODY = YES;
				CLANG_WARN_ENUM_CONVERSION = YES;
				CLANG_WARN_INFINITE_RECURSION = YES;
				CLANG_WARN_INT_CONVERSION = YES;
				CLANG_WARN_NON_LITERAL_NULL_CONVERSION = YES;
				CLANG_WARN_OBJC_IMPLICIT_RETAIN_SELF = YES;
				CLANG_WARN_OBJC_LITERAL_CONVERSION = YES;
				CLANG_WARN_OBJC_ROOT_CLASS = YES_ERROR;
				CLANG_WARN_RANGE_LOOP_ANALYSIS = YES;
				CLANG_WARN_STRICT_PROTOTYPES = YES;
				CLANG_WARN_SUSPICIOUS_MOVE = YES;
				CLANG_WARN_UNGUARDED_AVAILABILITY = YES_AGGRESSIVE;
				CLANG_WARN_UNREACHABLE_CODE = YES;
				CLANG_WARN__DUPLICATE_METHOD_MATCH = YES;
				COPY_PHASE_STRIP = NO;
				DEBUG_INFORMATION_FORMAT = "dwarf-with-dsym";
				ENABLE_NS_ASSERTIONS = NO;
				ENABLE_STRICT_OBJC_MSGSEND = YES;
				GCC_C_LANGUAGE_STANDARD = gnu11;
				GCC_NO_COMMON_BLOCKS = YES;
				GCC_WARN_64_TO_32_BIT_CONVERSION = YES;
				GCC_WARN_ABOUT_RETURN_TYPE = YES_ERROR;
				GCC_WARN_UNDECLARED_SELECTOR = YES;
				GCC_WARN_UNINITIALIZED_AUTOS = YES_AGGRESSIVE;
				GCC_WARN_UNUSED_FUNCTION = YES;
				GCC_WARN_UNUSED_VARIABLE = YES;
				IPHONEOS_DEPLOYMENT_TARGET = 13.2;
				MTL_ENABLE_DEBUG_INFO = NO;
				MTL_FAST_MATH = YES;
				SDKROOT = iphoneos;
				SWIFT_COMPILATION_MODE = wholemodule;
				SWIFT_OPTIMIZATION_LEVEL = "-O";
				VALIDATE_PRODUCT = YES;
			};
			name = Release;
		};
		C93BB4EF23BE9048000956F0 /* Debug */ = {
			isa = XCBuildConfiguration;
			buildSettings = {
				ASSETCATALOG_COMPILER_APPICON_NAME = AppIcon;
				CODE_SIGN_STYLE = Automatic;
				DEVELOPMENT_ASSET_PATHS = "\"Landmarks/Preview Content\"";
				DEVELOPMENT_TEAM = 32X5C28RVT;
				ENABLE_PREVIEWS = YES;
				INFOPLIST_FILE = Landmarks/Info.plist;
				LD_RUNPATH_SEARCH_PATHS = (
					"$(inherited)",
					"@executable_path/Frameworks",
				);
				PRODUCT_BUNDLE_IDENTIFIER = com.trinetx.Landmarks;
				PRODUCT_NAME = "$(TARGET_NAME)";
				SWIFT_VERSION = 5.0;
				TARGETED_DEVICE_FAMILY = "1,2";
			};
			name = Debug;
		};
		C93BB4F023BE9048000956F0 /* Release */ = {
			isa = XCBuildConfiguration;
			buildSettings = {
				ASSETCATALOG_COMPILER_APPICON_NAME = AppIcon;
				CODE_SIGN_STYLE = Automatic;
				DEVELOPMENT_ASSET_PATHS = "\"Landmarks/Preview Content\"";
				DEVELOPMENT_TEAM = 32X5C28RVT;
				ENABLE_PREVIEWS = YES;
				INFOPLIST_FILE = Landmarks/Info.plist;
				LD_RUNPATH_SEARCH_PATHS = (
					"$(inherited)",
					"@executable_path/Frameworks",
				);
				PRODUCT_BUNDLE_IDENTIFIER = com.trinetx.Landmarks;
				PRODUCT_NAME = "$(TARGET_NAME)";
				SWIFT_VERSION = 5.0;
				TARGETED_DEVICE_FAMILY = "1,2";
			};
			name = Release;
		};
		C93BB4F223BE9048000956F0 /* Debug */ = {
			isa = XCBuildConfiguration;
			buildSettings = {
				ALWAYS_EMBED_SWIFT_STANDARD_LIBRARIES = YES;
				BUNDLE_LOADER = "$(TEST_HOST)";
				CODE_SIGN_STYLE = Automatic;
				DEVELOPMENT_TEAM = 32X5C28RVT;
				INFOPLIST_FILE = LandmarksTests/Info.plist;
				IPHONEOS_DEPLOYMENT_TARGET = 13.2;
				LD_RUNPATH_SEARCH_PATHS = (
					"$(inherited)",
					"@executable_path/Frameworks",
					"@loader_path/Frameworks",
				);
				PRODUCT_BUNDLE_IDENTIFIER = com.trinetx.LandmarksTests;
				PRODUCT_NAME = "$(TARGET_NAME)";
				SWIFT_VERSION = 5.0;
				TARGETED_DEVICE_FAMILY = "1,2";
				TEST_HOST = "$(BUILT_PRODUCTS_DIR)/Landmarks.app/Landmarks";
			};
			name = Debug;
		};
		C93BB4F323BE9048000956F0 /* Release */ = {
			isa = XCBuildConfiguration;
			buildSettings = {
				ALWAYS_EMBED_SWIFT_STANDARD_LIBRARIES = YES;
				BUNDLE_LOADER = "$(TEST_HOST)";
				CODE_SIGN_STYLE = Automatic;
				DEVELOPMENT_TEAM = 32X5C28RVT;
				INFOPLIST_FILE = LandmarksTests/Info.plist;
				IPHONEOS_DEPLOYMENT_TARGET = 13.2;
				LD_RUNPATH_SEARCH_PATHS = (
					"$(inherited)",
					"@executable_path/Frameworks",
					"@loader_path/Frameworks",
				);
				PRODUCT_BUNDLE_IDENTIFIER = com.trinetx.LandmarksTests;
				PRODUCT_NAME = "$(TARGET_NAME)";
				SWIFT_VERSION = 5.0;
				TARGETED_DEVICE_FAMILY = "1,2";
				TEST_HOST = "$(BUILT_PRODUCTS_DIR)/Landmarks.app/Landmarks";
			};
			name = Release;
		};
		C93BB4F523BE9048000956F0 /* Debug */ = {
			isa = XCBuildConfiguration;
			buildSettings = {
				ALWAYS_EMBED_SWIFT_STANDARD_LIBRARIES = YES;
				CODE_SIGN_STYLE = Automatic;
				DEVELOPMENT_TEAM = 32X5C28RVT;
				INFOPLIST_FILE = LandmarksUITests/Info.plist;
				LD_RUNPATH_SEARCH_PATHS = (
					"$(inherited)",
					"@executable_path/Frameworks",
					"@loader_path/Frameworks",
				);
				PRODUCT_BUNDLE_IDENTIFIER = com.trinetx.LandmarksUITests;
				PRODUCT_NAME = "$(TARGET_NAME)";
				SWIFT_VERSION = 5.0;
				TARGETED_DEVICE_FAMILY = "1,2";
				TEST_TARGET_NAME = Landmarks;
			};
			name = Debug;
		};
		C93BB4F623BE9048000956F0 /* Release */ = {
			isa = XCBuildConfiguration;
			buildSettings = {
				ALWAYS_EMBED_SWIFT_STANDARD_LIBRARIES = YES;
				CODE_SIGN_STYLE = Automatic;
				DEVELOPMENT_TEAM = 32X5C28RVT;
				INFOPLIST_FILE = LandmarksUITests/Info.plist;
				LD_RUNPATH_SEARCH_PATHS = (
					"$(inherited)",
					"@executable_path/Frameworks",
					"@loader_path/Frameworks",
				);
				PRODUCT_BUNDLE_IDENTIFIER = com.trinetx.LandmarksUITests;
				PRODUCT_NAME = "$(TARGET_NAME)";
				SWIFT_VERSION = 5.0;
				TARGETED_DEVICE_FAMILY = "1,2";
				TEST_TARGET_NAME = Landmarks;
			};
			name = Release;
		};
/* End XCBuildConfiguration section */

/* Begin XCConfigurationList section */
		C93BB4BF23BE9031000956F0 /* Build configuration list for PBXProject "Landmarks" */ = {
			isa = XCConfigurationList;
			buildConfigurations = (
				C93BB4EC23BE9048000956F0 /* Debug */,
				C93BB4ED23BE9048000956F0 /* Release */,
			);
			defaultConfigurationIsVisible = 0;
			defaultConfigurationName = Release;
		};
		C93BB4EE23BE9048000956F0 /* Build configuration list for PBXNativeTarget "Landmarks" */ = {
			isa = XCConfigurationList;
			buildConfigurations = (
				C93BB4EF23BE9048000956F0 /* Debug */,
				C93BB4F023BE9048000956F0 /* Release */,
			);
			defaultConfigurationIsVisible = 0;
			defaultConfigurationName = Release;
		};
		C93BB4F123BE9048000956F0 /* Build configuration list for PBXNativeTarget "LandmarksTests" */ = {
			isa = XCConfigurationList;
			buildConfigurations = (
				C93BB4F223BE9048000956F0 /* Debug */,
				C93BB4F323BE9048000956F0 /* Release */,
			);
			defaultConfigurationIsVisible = 0;
			defaultConfigurationName = Release;
		};
		C93BB4F423BE9048000956F0 /* Build configuration list for PBXNativeTarget "LandmarksUITests" */ = {
			isa = XCConfigurationList;
			buildConfigurations = (
				C93BB4F523BE9048000956F0 /* Debug */,
				C93BB4F623BE9048000956F0 /* Release */,
			);
			defaultConfigurationIsVisible = 0;
			defaultConfigurationName = Release;
		};
/* End XCConfigurationList section */
	};
	rootObject = C93BB4BC23BE9031000956F0 /* Project object */;
}
